
Microsoft Visual Studio Solution File, Format Version 12.00
# Visual Studio Version 17
VisualStudioVersion = 17.7.34221.43
MinimumVisualStudioVersion = 10.0.40219.1
Project("{FAE04EC0-301F-11D3-BF4B-00C04F79EFBC}") = "JsonViewer.Wpf", "JsonViewer.Wpf\JsonViewer.Wpf.csproj", "{611915E7-5AE5-40EB-BA42-75032A1F6262}"
EndProject
Project("{FAE04EC0-301F-11D3-BF4B-00C04F79EFBC}") = "JsonViewer.Controls", "JsonViewer.Controls\JsonViewer.Controls.csproj", "{1DF52F03-F6E4-4FDE-B64B-122B92004178}"
EndProject
Project("{FAE04EC0-301F-11D3-BF4B-00C04F79EFBC}") = "DataSets", "DataSets\DataSets.csproj", "{0272D4AD-496C-44EE-A545-2C31228FAC08}"
EndProject
Project("{FAE04EC0-301F-11D3-BF4B-00C04F79EFBC}") = "JsonTools", "JsonTools\JsonTools.csproj", "{2CAAC009-CE21-483D-A3A7-9361F7ED25F9}"
EndProject
Project("{FAE04EC0-301F-11D3-BF4B-00C04F79EFBC}") = "JsonTools.Tests", "JsonTools.Tests\JsonTools.Tests.csproj", "{1133DA5B-D777-433F-93AD-3FC589E209E3}"
EndProject
Project("{FAE04EC0-301F-11D3-BF4B-00C04F79EFBC}") = "JsonViewer.Controls.Tests", "JsonViewer.Controls.Tests\JsonViewer.Controls.Tests.csproj", "{671D8B76-5768-4AE4-AE65-FFFAE2814D94}"
EndProject
Global
	GlobalSection(SolutionConfigurationPlatforms) = preSolution
		Debug|Any CPU = Debug|Any CPU
		Release|Any CPU = Release|Any CPU
	EndGlobalSection
	GlobalSection(ProjectConfigurationPlatforms) = postSolution
		{611915E7-5AE5-40EB-BA42-75032A1F6262}.Debug|Any CPU.ActiveCfg = Debug|Any CPU
		{611915E7-5AE5-40EB-BA42-75032A1F6262}.Debug|Any CPU.Build.0 = Debug|Any CPU
		{611915E7-5AE5-40EB-BA42-75032A1F6262}.Release|Any CPU.ActiveCfg = Release|Any CPU
		{611915E7-5AE5-40EB-BA42-75032A1F6262}.Release|Any CPU.Build.0 = Release|Any CPU
		{1DF52F03-F6E4-4FDE-B64B-122B92004178}.Debug|Any CPU.ActiveCfg = Debug|Any CPU
		{1DF52F03-F6E4-4FDE-B64B-122B92004178}.Debug|Any CPU.Build.0 = Debug|Any CPU
		{1DF52F03-F6E4-4FDE-B64B-122B92004178}.Release|Any CPU.ActiveCfg = Release|Any CPU
		{1DF52F03-F6E4-4FDE-B64B-122B92004178}.Release|Any CPU.Build.0 = Release|Any CPU
		{0272D4AD-496C-44EE-A545-2C31228FAC08}.Debug|Any CPU.ActiveCfg = Debug|Any CPU
		{0272D4AD-496C-44EE-A545-2C31228FAC08}.Debug|Any CPU.Build.0 = Debug|Any CPU
		{0272D4AD-496C-44EE-A545-2C31228FAC08}.Release|Any CPU.ActiveCfg = Release|Any CPU
		{0272D4AD-496C-44EE-A545-2C31228FAC08}.Release|Any CPU.Build.0 = Release|Any CPU
		{2CAAC009-CE21-483D-A3A7-9361F7ED25F9}.Debug|Any CPU.ActiveCfg = Debug|Any CPU
		{2CAAC009-CE21-483D-A3A7-9361F7ED25F9}.Debug|Any CPU.Build.0 = Debug|Any CPU
		{2CAAC009-CE21-483D-A3A7-9361F7ED25F9}.Release|Any CPU.ActiveCfg = Release|Any CPU
		{2CAAC009-CE21-483D-A3A7-9361F7ED25F9}.Release|Any CPU.Build.0 = Release|Any CPU
		{1133DA5B-D777-433F-93AD-3FC589E209E3}.Debug|Any CPU.ActiveCfg = Debug|Any CPU
		{1133DA5B-D777-433F-93AD-3FC589E209E3}.Debug|Any CPU.Build.0 = Debug|Any CPU
		{1133DA5B-D777-433F-93AD-3FC589E209E3}.Release|Any CPU.ActiveCfg = Release|Any CPU
		{1133DA5B-D777-433F-93AD-3FC589E209E3}.Release|Any CPU.Build.0 = Release|Any CPU
		{671D8B76-5768-4AE4-AE65-FFFAE2814D94}.Debug|Any CPU.ActiveCfg = Debug|Any CPU
		{671D8B76-5768-4AE4-AE65-FFFAE2814D94}.Debug|Any CPU.Build.0 = Debug|Any CPU
		{671D8B76-5768-4AE4-AE65-FFFAE2814D94}.Release|Any CPU.ActiveCfg = Release|Any CPU
		{671D8B76-5768-4AE4-AE65-FFFAE2814D94}.Release|Any CPU.Build.0 = Release|Any CPU
	EndGlobalSection
	GlobalSection(SolutionProperties) = preSolution
		HideSolutionNode = FALSE
	EndGlobalSection
	GlobalSection(ExtensibilityGlobals) = postSolution
		SolutionGuid = {D88F1A1D-D898-4735-87BC-1A7B4D5CFEA4}
	EndGlobalSection
EndGlobal
